
Microsoft Visual Studio Solution File, Format Version 12.00
# Visual Studio Version 16
VisualStudioVersion = 16.0.30011.22
MinimumVisualStudioVersion = 10.0.40219.1
Project("{9A19103F-16F7-4668-BE54-9A1E7A4F7556}") = "NetPatern.App", "NetPatern.App.csproj", "{97E74C64-1F96-4C41-A296-1988FF93DAF9}"
EndProject
Project("{9A19103F-16F7-4668-BE54-9A1E7A4F7556}") = "NetPatern.Extras", "..\NetPatern.Extras\NetPatern.Extras.csproj", "{6D43DE86-277E-434B-8D91-76F9037BF3C6}"
EndProject
Project("{2150E333-8FDC-42A3-9474-1A3956D46DE8}") = "Solution Items", "Solution Items", "{15FAFA48-672A-4CB5-A92A-6798CD778041}"
	ProjectSection(SolutionItems) = preProject
		..\Design_Pattern.docx = ..\Design_Pattern.docx
	EndProjectSection
EndProject
Project("{FAE04EC0-301F-11D3-BF4B-00C04F79EFBC}") = "NetPaternContinue.App", "..\NetPaternContinue.App\NetPaternContinue.App.csproj", "{27B25E00-6113-476C-A31B-3F08CE76FF97}"
EndProject
Global
	GlobalSection(SolutionConfigurationPlatforms) = preSolution
		Debug|Any CPU = Debug|Any CPU
		Release|Any CPU = Release|Any CPU
	EndGlobalSection
	GlobalSection(ProjectConfigurationPlatforms) = postSolution
		{97E74C64-1F96-4C41-A296-1988FF93DAF9}.Debug|Any CPU.ActiveCfg = Debug|Any CPU
		{97E74C64-1F96-4C41-A296-1988FF93DAF9}.Debug|Any CPU.Build.0 = Debug|Any CPU
		{97E74C64-1F96-4C41-A296-1988FF93DAF9}.Release|Any CPU.ActiveCfg = Release|Any CPU
		{97E74C64-1F96-4C41-A296-1988FF93DAF9}.Release|Any CPU.Build.0 = Release|Any CPU
		{6D43DE86-277E-434B-8D91-76F9037BF3C6}.Debug|Any CPU.ActiveCfg = Debug|Any CPU
		{6D43DE86-277E-434B-8D91-76F9037BF3C6}.Debug|Any CPU.Build.0 = Debug|Any CPU
		{6D43DE86-277E-434B-8D91-76F9037BF3C6}.Release|Any CPU.ActiveCfg = Release|Any CPU
		{6D43DE86-277E-434B-8D91-76F9037BF3C6}.Release|Any CPU.Build.0 = Release|Any CPU
		{27B25E00-6113-476C-A31B-3F08CE76FF97}.Debug|Any CPU.ActiveCfg = Debug|Any CPU
		{27B25E00-6113-476C-A31B-3F08CE76FF97}.Debug|Any CPU.Build.0 = Debug|Any CPU
		{27B25E00-6113-476C-A31B-3F08CE76FF97}.Release|Any CPU.ActiveCfg = Release|Any CPU
		{27B25E00-6113-476C-A31B-3F08CE76FF97}.Release|Any CPU.Build.0 = Release|Any CPU
	EndGlobalSection
	GlobalSection(SolutionProperties) = preSolution
		HideSolutionNode = FALSE
	EndGlobalSection
	GlobalSection(ExtensibilityGlobals) = postSolution
		SolutionGuid = {A1BDF508-B677-4E57-B68C-3E81BA79C99C}
	EndGlobalSection
EndGlobal
